// !$*UTF8*$!
{
	archiveVersion = 1;
	classes = {
	};
	objectVersion = 46;
	objects = {

/* Begin PBXBuildFile section */
		D0EC3C3A1844367600B3FEC1 /* Foundation.framework in Frameworks */ = {isa = PBXBuildFile; fileRef = D0EC3C391844367600B3FEC1 /* Foundation.framework */; };
		D0EC3C3C1844367600B3FEC1 /* CoreGraphics.framework in Frameworks */ = {isa = PBXBuildFile; fileRef = D0EC3C3B1844367600B3FEC1 /* CoreGraphics.framework */; };
		D0EC3C3E1844367600B3FEC1 /* UIKit.framework in Frameworks */ = {isa = PBXBuildFile; fileRef = D0EC3C3D1844367600B3FEC1 /* UIKit.framework */; };
		D0EC3C441844367600B3FEC1 /* InfoPlist.strings in Resources */ = {isa = PBXBuildFile; fileRef = D0EC3C421844367600B3FEC1 /* InfoPlist.strings */; };
		D0EC3C461844367600B3FEC1 /* main.m in Sources */ = {isa = PBXBuildFile; fileRef = D0EC3C451844367600B3FEC1 /* main.m */; };
		D0EC3C4A1844367600B3FEC1 /* AppDelegate.m in Sources */ = {isa = PBXBuildFile; fileRef = D0EC3C491844367600B3FEC1 /* AppDelegate.m */; };
		D0EC3C4D1844367600B3FEC1 /* Main.storyboard in Resources */ = {isa = PBXBuildFile; fileRef = D0EC3C4B1844367600B3FEC1 /* Main.storyboard */; };
		D0EC3C501844367600B3FEC1 /* ViewController.m in Sources */ = {isa = PBXBuildFile; fileRef = D0EC3C4F1844367600B3FEC1 /* ViewController.m */; };
		D0EC3C521844367600B3FEC1 /* Images.xcassets in Resources */ = {isa = PBXBuildFile; fileRef = D0EC3C511844367600B3FEC1 /* Images.xcassets */; };
		D0EC3C591844367600B3FEC1 /* XCTest.framework in Frameworks */ = {isa = PBXBuildFile; fileRef = D0EC3C581844367600B3FEC1 /* XCTest.framework */; };
		D0EC3C5A1844367600B3FEC1 /* Foundation.framework in Frameworks */ = {isa = PBXBuildFile; fileRef = D0EC3C391844367600B3FEC1 /* Foundation.framework */; };
		D0EC3C5B1844367600B3FEC1 /* UIKit.framework in Frameworks */ = {isa = PBXBuildFile; fileRef = D0EC3C3D1844367600B3FEC1 /* UIKit.framework */; };
		D0EC3C631844367600B3FEC1 /* InfoPlist.strings in Resources */ = {isa = PBXBuildFile; fileRef = D0EC3C611844367600B3FEC1 /* InfoPlist.strings */; };
		D0EC3C651844367600B3FEC1 /* iOS3Lab6xTests.m in Sources */ = {isa = PBXBuildFile; fileRef = D0EC3C641844367600B3FEC1 /* iOS3Lab6xTests.m */; };
		D0EC3C6F184436C400B3FEC1 /* sintel_trailer-1080p.mp4 in Resources */ = {isa = PBXBuildFile; fileRef = D0EC3C6E184436C400B3FEC1 /* sintel_trailer-1080p.mp4 */; };
		D0EC3C711844372000B3FEC1 /* MediaPlayer.framework in Frameworks */ = {isa = PBXBuildFile; fileRef = D0EC3C701844372000B3FEC1 /* MediaPlayer.framework */; };
/* End PBXBuildFile section */

/* Begin PBXContainerItemProxy section */
		D0EC3C5C1844367600B3FEC1 /* PBXContainerItemProxy */ = {
			isa = PBXContainerItemProxy;
			containerPortal = D0EC3C2E1844367600B3FEC1 /* Project object */;
			proxyType = 1;
			remoteGlobalIDString = D0EC3C351844367600B3FEC1;
			remoteInfo = iOS3Lab6x;
		};
/* End PBXContainerItemProxy section */

/* Begin PBXFileReference section */
		D0EC3C361844367600B3FEC1 /* iOS3Lab6x.app */ = {isa = PBXFileReference; explicitFileType = wrapper.application; includeInIndex = 0; path = iOS3Lab6x.app; sourceTree = BUILT_PRODUCTS_DIR; };
		D0EC3C391844367600B3FEC1 /* Foundation.framework */ = {isa = PBXFileReference; lastKnownFileType = wrapper.framework; name = Foundation.framework; path = System/Library/Frameworks/Foundation.framework; sourceTree = SDKROOT; };
		D0EC3C3B1844367600B3FEC1 /* CoreGraphics.framework */ = {isa = PBXFileReference; lastKnownFileType = wrapper.framework; name = CoreGraphics.framework; path = System/Library/Frameworks/CoreGraphics.framework; sourceTree = SDKROOT; };
		D0EC3C3D1844367600B3FEC1 /* UIKit.framework */ = {isa = PBXFileReference; lastKnownFileType = wrapper.framework; name = UIKit.framework; path = System/Library/Frameworks/UIKit.framework; sourceTree = SDKROOT; };
		D0EC3C411844367600B3FEC1 /* iOS3Lab6x-Info.plist */ = {isa = PBXFileReference; lastKnownFileType = text.plist.xml; path = "iOS3Lab6x-Info.plist"; sourceTree = "<group>"; };
		D0EC3C431844367600B3FEC1 /* en */ = {isa = PBXFileReference; lastKnownFileType = text.plist.strings; name = en; path = en.lproj/InfoPlist.strings; sourceTree = "<group>"; };
		D0EC3C451844367600B3FEC1 /* main.m */ = {isa = PBXFileReference; lastKnownFileType = sourcecode.c.objc; path = main.m; sourceTree = "<group>"; };
		D0EC3C471844367600B3FEC1 /* iOS3Lab6x-Prefix.pch */ = {isa = PBXFileReference; lastKnownFileType = sourcecode.c.h; path = "iOS3Lab6x-Prefix.pch"; sourceTree = "<group>"; };
		D0EC3C481844367600B3FEC1 /* AppDelegate.h */ = {isa = PBXFileReference; lastKnownFileType = sourcecode.c.h; path = AppDelegate.h; sourceTree = "<group>"; };
		D0EC3C491844367600B3FEC1 /* AppDelegate.m */ = {isa = PBXFileReference; lastKnownFileType = sourcecode.c.objc; path = AppDelegate.m; sourceTree = "<group>"; };
		D0EC3C4C1844367600B3FEC1 /* Base */ = {isa = PBXFileReference; lastKnownFileType = file.storyboard; name = Base; path = Base.lproj/Main.storyboard; sourceTree = "<group>"; };
		D0EC3C4E1844367600B3FEC1 /* ViewController.h */ = {isa = PBXFileReference; lastKnownFileType = sourcecode.c.h; path = ViewController.h; sourceTree = "<group>"; };
		D0EC3C4F1844367600B3FEC1 /* ViewController.m */ = {isa = PBXFileReference; lastKnownFileType = sourcecode.c.objc; path = ViewController.m; sourceTree = "<group>"; };
		D0EC3C511844367600B3FEC1 /* Images.xcassets */ = {isa = PBXFileReference; lastKnownFileType = folder.assetcatalog; path = Images.xcassets; sourceTree = "<group>"; };
		D0EC3C571844367600B3FEC1 /* iOS3Lab6xTests.xctest */ = {isa = PBXFileReference; explicitFileType = wrapper.cfbundle; includeInIndex = 0; path = iOS3Lab6xTests.xctest; sourceTree = BUILT_PRODUCTS_DIR; };
		D0EC3C581844367600B3FEC1 /* XCTest.framework */ = {isa = PBXFileReference; lastKnownFileType = wrapper.framework; name = XCTest.framework; path = Library/Frameworks/XCTest.framework; sourceTree = DEVELOPER_DIR; };
		D0EC3C601844367600B3FEC1 /* iOS3Lab6xTests-Info.plist */ = {isa = PBXFileReference; lastKnownFileType = text.plist.xml; path = "iOS3Lab6xTests-Info.plist"; sourceTree = "<group>"; };
		D0EC3C621844367600B3FEC1 /* en */ = {isa = PBXFileReference; lastKnownFileType = text.plist.strings; name = en; path = en.lproj/InfoPlist.strings; sourceTree = "<group>"; };
		D0EC3C641844367600B3FEC1 /* iOS3Lab6xTests.m */ = {isa = PBXFileReference; lastKnownFileType = sourcecode.c.objc; path = iOS3Lab6xTests.m; sourceTree = "<group>"; };
		D0EC3C6E184436C400B3FEC1 /* sintel_trailer-1080p.mp4 */ = {isa = PBXFileReference; lastKnownFileType = file; path = "sintel_trailer-1080p.mp4"; sourceTree = "<group>"; };
		D0EC3C701844372000B3FEC1 /* MediaPlayer.framework */ = {isa = PBXFileReference; lastKnownFileType = wrapper.framework; name = MediaPlayer.framework; path = System/Library/Frameworks/MediaPlayer.framework; sourceTree = SDKROOT; };
/* End PBXFileReference section */

/* Begin PBXFrameworksBuildPhase section */
		D0EC3C331844367600B3FEC1 /* Frameworks */ = {
			isa = PBXFrameworksBuildPhase;
			buildActionMask = 2147483647;
			files = (
				D0EC3C711844372000B3FEC1 /* MediaPlayer.framework in Frameworks */,
				D0EC3C3C1844367600B3FEC1 /* CoreGraphics.framework in Frameworks */,
				D0EC3C3E1844367600B3FEC1 /* UIKit.framework in Frameworks */,
				D0EC3C3A1844367600B3FEC1 /* Foundation.framework in Frameworks */,
			);
			runOnlyForDeploymentPostprocessing = 0;
		};
		D0EC3C541844367600B3FEC1 /* Frameworks */ = {
			isa = PBXFrameworksBuildPhase;
			buildActionMask = 2147483647;
			files = (
				D0EC3C591844367600B3FEC1 /* XCTest.framework in Frameworks */,
				D0EC3C5B1844367600B3FEC1 /* UIKit.framework in Frameworks */,
				D0EC3C5A1844367600B3FEC1 /* Foundation.framework in Frameworks */,
			);
			runOnlyForDeploymentPostprocessing = 0;
		};
/* End PBXFrameworksBuildPhase section */

/* Begin PBXGroup section */
		D0EC3C2D1844367600B3FEC1 = {
			isa = PBXGroup;
			children = (
				D0EC3C6E184436C400B3FEC1 /* sintel_trailer-1080p.mp4 */,
				D0EC3C3F1844367600B3FEC1 /* iOS3Lab6x */,
				D0EC3C5E1844367600B3FEC1 /* iOS3Lab6xTests */,
				D0EC3C381844367600B3FEC1 /* Frameworks */,
				D0EC3C371844367600B3FEC1 /* Products */,
			);
			sourceTree = "<group>";
		};
		D0EC3C371844367600B3FEC1 /* Products */ = {
			isa = PBXGroup;
			children = (
				D0EC3C361844367600B3FEC1 /* iOS3Lab6x.app */,
				D0EC3C571844367600B3FEC1 /* iOS3Lab6xTests.xctest */,
			);
			name = Products;
			sourceTree = "<group>";
		};
		D0EC3C381844367600B3FEC1 /* Frameworks */ = {
			isa = PBXGroup;
			children = (
				D0EC3C701844372000B3FEC1 /* MediaPlayer.framework */,
				D0EC3C391844367600B3FEC1 /* Foundation.framework */,
				D0EC3C3B1844367600B3FEC1 /* CoreGraphics.framework */,
				D0EC3C3D1844367600B3FEC1 /* UIKit.framework */,
				D0EC3C581844367600B3FEC1 /* XCTest.framework */,
			);
			name = Frameworks;
			sourceTree = "<group>";
		};
		D0EC3C3F1844367600B3FEC1 /* iOS3Lab6x */ = {
			isa = PBXGroup;
			children = (
				D0EC3C481844367600B3FEC1 /* AppDelegate.h */,
				D0EC3C491844367600B3FEC1 /* AppDelegate.m */,
				D0EC3C4B1844367600B3FEC1 /* Main.storyboard */,
				D0EC3C4E1844367600B3FEC1 /* ViewController.h */,
				D0EC3C4F1844367600B3FEC1 /* ViewController.m */,
				D0EC3C511844367600B3FEC1 /* Images.xcassets */,
				D0EC3C401844367600B3FEC1 /* Supporting Files */,
			);
			path = iOS3Lab6x;
			sourceTree = "<group>";
		};
		D0EC3C401844367600B3FEC1 /* Supporting Files */ = {
			isa = PBXGroup;
			children = (
				D0EC3C411844367600B3FEC1 /* iOS3Lab6x-Info.plist */,
				D0EC3C421844367600B3FEC1 /* InfoPlist.strings */,
				D0EC3C451844367600B3FEC1 /* main.m */,
				D0EC3C471844367600B3FEC1 /* iOS3Lab6x-Prefix.pch */,
			);
			name = "Supporting Files";
			sourceTree = "<group>";
		};
		D0EC3C5E1844367600B3FEC1 /* iOS3Lab6xTests */ = {
			isa = PBXGroup;
			children = (
				D0EC3C641844367600B3FEC1 /* iOS3Lab6xTests.m */,
				D0EC3C5F1844367600B3FEC1 /* Supporting Files */,
			);
			path = iOS3Lab6xTests;
			sourceTree = "<group>";
		};
		D0EC3C5F1844367600B3FEC1 /* Supporting Files */ = {
			isa = PBXGroup;
			children = (
				D0EC3C601844367600B3FEC1 /* iOS3Lab6xTests-Info.plist */,
				D0EC3C611844367600B3FEC1 /* InfoPlist.strings */,
			);
			name = "Supporting Files";
			sourceTree = "<group>";
		};
/* End PBXGroup section */

/* Begin PBXNativeTarget section */
		D0EC3C351844367600B3FEC1 /* iOS3Lab6x */ = {
			isa = PBXNativeTarget;
			buildConfigurationList = D0EC3C681844367600B3FEC1 /* Build configuration list for PBXNativeTarget "iOS3Lab6x" */;
			buildPhases = (
				D0EC3C321844367600B3FEC1 /* Sources */,
				D0EC3C331844367600B3FEC1 /* Frameworks */,
				D0EC3C341844367600B3FEC1 /* Resources */,
			);
			buildRules = (
			);
			dependencies = (
			);
			name = iOS3Lab6x;
			productName = iOS3Lab6x;
			productReference = D0EC3C361844367600B3FEC1 /* iOS3Lab6x.app */;
			productType = "com.apple.product-type.application";
		};
		D0EC3C561844367600B3FEC1 /* iOS3Lab6xTests */ = {
			isa = PBXNativeTarget;
			buildConfigurationList = D0EC3C6B1844367600B3FEC1 /* Build configuration list for PBXNativeTarget "iOS3Lab6xTests" */;
			buildPhases = (
				D0EC3C531844367600B3FEC1 /* Sources */,
				D0EC3C541844367600B3FEC1 /* Frameworks */,
				D0EC3C551844367600B3FEC1 /* Resources */,
			);
			buildRules = (
			);
			dependencies = (
				D0EC3C5D1844367600B3FEC1 /* PBXTargetDependency */,
			);
			name = iOS3Lab6xTests;
			productName = iOS3Lab6xTests;
			productReference = D0EC3C571844367600B3FEC1 /* iOS3Lab6xTests.xctest */;
			productType = "com.apple.product-type.bundle.unit-test";
		};
/* End PBXNativeTarget section */

/* Begin PBXProject section */
		D0EC3C2E1844367600B3FEC1 /* Project object */ = {
			isa = PBXProject;
			attributes = {
				LastUpgradeCheck = 0500;
				ORGANIZATIONNAME = "James Derry";
				TargetAttributes = {
					D0EC3C561844367600B3FEC1 = {
						TestTargetID = D0EC3C351844367600B3FEC1;
					};
				};
			};
			buildConfigurationList = D0EC3C311844367600B3FEC1 /* Build configuration list for PBXProject "iOS3Lab6x" */;
			compatibilityVersion = "Xcode 3.2";
			developmentRegion = English;
			hasScannedForEncodings = 0;
			knownRegions = (
				en,
				Base,
			);
			mainGroup = D0EC3C2D1844367600B3FEC1;
			productRefGroup = D0EC3C371844367600B3FEC1 /* Products */;
			projectDirPath = "";
			projectRoot = "";
			targets = (
				D0EC3C351844367600B3FEC1 /* iOS3Lab6x */,
				D0EC3C561844367600B3FEC1 /* iOS3Lab6xTests */,
			);
		};
/* End PBXProject section */

/* Begin PBXResourcesBuildPhase section */
		D0EC3C341844367600B3FEC1 /* Resources */ = {
			isa = PBXResourcesBuildPhase;
			buildActionMask = 2147483647;
			files = (
				D0EC3C521844367600B3FEC1 /* Images.xcassets in Resources */,
				D0EC3C441844367600B3FEC1 /* InfoPlist.strings in Resources */,
				D0EC3C6F184436C400B3FEC1 /* sintel_trailer-1080p.mp4 in Resources */,
				D0EC3C4D1844367600B3FEC1 /* Main.storyboard in Resources */,
			);
			runOnlyForDeploymentPostprocessing = 0;
		};
		D0EC3C551844367600B3FEC1 /* Resources */ = {
			isa = PBXResourcesBuildPhase;
			buildActionMask = 2147483647;
			files = (
				D0EC3C631844367600B3FEC1 /* InfoPlist.strings in Resources */,
			);
			runOnlyForDeploymentPostprocessing = 0;
		};
/* End PBXResourcesBuildPhase section */

/* Begin PBXSourcesBuildPhase section */
		D0EC3C321844367600B3FEC1 /* Sources */ = {
			isa = PBXSourcesBuildPhase;
			buildActionMask = 2147483647;
			files = (
				D0EC3C501844367600B3FEC1 /* ViewController.m in Sources */,
				D0EC3C4A1844367600B3FEC1 /* AppDelegate.m in Sources */,
				D0EC3C461844367600B3FEC1 /* main.m in Sources */,
			);
			runOnlyForDeploymentPostprocessing = 0;
		};
		D0EC3C531844367600B3FEC1 /* Sources */ = {
			isa = PBXSourcesBuildPhase;
			buildActionMask = 2147483647;
			files = (
				D0EC3C651844367600B3FEC1 /* iOS3Lab6xTests.m in Sources */,
			);
			runOnlyForDeploymentPostprocessing = 0;
		};
/* End PBXSourcesBuildPhase section */

/* Begin PBXTargetDependency section */
		D0EC3C5D1844367600B3FEC1 /* PBXTargetDependency */ = {
			isa = PBXTargetDependency;
			target = D0EC3C351844367600B3FEC1 /* iOS3Lab6x */;
			targetProxy = D0EC3C5C1844367600B3FEC1 /* PBXContainerItemProxy */;
		};
/* End PBXTargetDependency section */

/* Begin PBXVariantGroup section */
		D0EC3C421844367600B3FEC1 /* InfoPlist.strings */ = {
			isa = PBXVariantGroup;
			children = (
				D0EC3C431844367600B3FEC1 /* en */,
			);
			name = InfoPlist.strings;
			sourceTree = "<group>";
		};
		D0EC3C4B1844367600B3FEC1 /* Main.storyboard */ = {
			isa = PBXVariantGroup;
			children = (
				D0EC3C4C1844367600B3FEC1 /* Base */,
			);
			name = Main.storyboard;
			sourceTree = "<group>";
		};
		D0EC3C611844367600B3FEC1 /* InfoPlist.strings */ = {
			isa = PBXVariantGroup;
			children = (
				D0EC3C621844367600B3FEC1 /* en */,
			);
			name = InfoPlist.strings;
			sourceTree = "<group>";
		};
/* End PBXVariantGroup section */

/* Begin XCBuildConfiguration section */
		D0EC3C661844367600B3FEC1 /* Debug */ = {
			isa = XCBuildConfiguration;
			buildSettings = {
				ALWAYS_SEARCH_USER_PATHS = NO;
				ARCHS = "$(ARCHS_STANDARD_INCLUDING_64_BIT)";
				CLANG_CXX_LANGUAGE_STANDARD = "gnu++0x";
				CLANG_CXX_LIBRARY = "libc++";
				CLANG_ENABLE_MODULES = YES;
				CLANG_ENABLE_OBJC_ARC = YES;
				CLANG_WARN_BOOL_CONVERSION = YES;
				CLANG_WARN_CONSTANT_CONVERSION = YES;
				CLANG_WARN_DIRECT_OBJC_ISA_USAGE = YES_ERROR;
				CLANG_WARN_EMPTY_BODY = YES;
				CLANG_WARN_ENUM_CONVERSION = YES;
				CLANG_WARN_INT_CONVERSION = YES;
				CLANG_WARN_OBJC_ROOT_CLASS = YES_ERROR;
				CLANG_WARN__DUPLICATE_METHOD_MATCH = YES;
				"CODE_SIGN_IDENTITY[sdk=iphoneos*]" = "iPhone Developer";
				COPY_PHASE_STRIP = NO;
				GCC_C_LANGUAGE_STANDARD = gnu99;
				GCC_DYNAMIC_NO_PIC = NO;
				GCC_OPTIMIZATION_LEVEL = 0;
				GCC_PREPROCESSOR_DEFINITIONS = (
					"DEBUG=1",
					"$(inherited)",
				);
				GCC_SYMBOLS_PRIVATE_EXTERN = NO;
				GCC_WARN_64_TO_32_BIT_CONVERSION = YES;
				GCC_WARN_ABOUT_RETURN_TYPE = YES_ERROR;
				GCC_WARN_UNDECLARED_SELECTOR = YES;
				GCC_WARN_UNINITIALIZED_AUTOS = YES;
				GCC_WARN_UNUSED_FUNCTION = YES;
				GCC_WARN_UNUSED_VARIABLE = YES;
				IPHONEOS_DEPLOYMENT_TARGET = 7.0;
				ONLY_ACTIVE_ARCH = YES;
				SDKROOT = iphoneos;
			};
			name = Debug;
		};
		D0EC3C671844367600B3FEC1 /* Release */ = {
			isa = XCBuildConfiguration;
			buildSettings = {
				ALWAYS_SEARCH_USER_PATHS = NO;
				ARCHS = "$(ARCHS_STANDARD_INCLUDING_64_BIT)";
				CLANG_CXX_LANGUAGE_STANDARD = "gnu++0x";
				CLANG_CXX_LIBRARY = "libc++";
				CLANG_ENABLE_MODULES = YES;
				CLANG_ENABLE_OBJC_ARC = YES;
				CLANG_WARN_BOOL_CONVERSION = YES;
				CLANG_WARN_CONSTANT_CONVERSION = YES;
				CLANG_WARN_DIRECT_OBJC_ISA_USAGE = YES_ERROR;
				CLANG_WARN_EMPTY_BODY = YES;
				CLANG_WARN_ENUM_CONVERSION = YES;
				CLANG_WARN_INT_CONVERSION = YES;
				CLANG_WARN_OBJC_ROOT_CLASS = YES_ERROR;
				CLANG_WARN__DUPLICATE_METHOD_MATCH = YES;
				"CODE_SIGN_IDENTITY[sdk=iphoneos*]" = "iPhone Developer";
				COPY_PHASE_STRIP = YES;
				ENABLE_NS_ASSERTIONS = NO;
				GCC_C_LANGUAGE_STANDARD = gnu99;
				GCC_WARN_64_TO_32_BIT_CONVERSION = YES;
				GCC_WARN_ABOUT_RETURN_TYPE = YES_ERROR;
				GCC_WARN_UNDECLARED_SELECTOR = YES;
				GCC_WARN_UNINITIALIZED_AUTOS = YES;
				GCC_WARN_UNUSED_FUNCTION = YES;
				GCC_WARN_UNUSED_VARIABLE = YES;
				IPHONEOS_DEPLOYMENT_TARGET = 7.0;
				SDKROOT = iphoneos;
				VALIDATE_PRODUCT = YES;
			};
			name = Release;
		};
		D0EC3C691844367600B3FEC1 /* Debug */ = {
			isa = XCBuildConfiguration;
			buildSettings = {
				ASSETCATALOG_COMPILER_APPICON_NAME = AppIcon;
				ASSETCATALOG_COMPILER_LAUNCHIMAGE_NAME = LaunchImage;
				GCC_PRECOMPILE_PREFIX_HEADER = YES;
				GCC_PREFIX_HEADER = "iOS3Lab6x/iOS3Lab6x-Prefix.pch";
				INFOPLIST_FILE = "iOS3Lab6x/iOS3Lab6x-Info.plist";
				PRODUCT_NAME = "$(TARGET_NAME)";
				WRAPPER_EXTENSION = app;
			};
			name = Debug;
		};
		D0EC3C6A1844367600B3FEC1 /* Release */ = {
			isa = XCBuildConfiguration;
			buildSettings = {
				ASSETCATALOG_COMPILER_APPICON_NAME = AppIcon;
				ASSETCATALOG_COMPILER_LAUNCHIMAGE_NAME = LaunchImage;
				GCC_PRECOMPILE_PREFIX_HEADER = YES;
				GCC_PREFIX_HEADER = "iOS3Lab6x/iOS3Lab6x-Prefix.pch";
				INFOPLIST_FILE = "iOS3Lab6x/iOS3Lab6x-Info.plist";
				PRODUCT_NAME = "$(TARGET_NAME)";
				WRAPPER_EXTENSION = app;
			};
			name = Release;
		};
		D0EC3C6C1844367600B3FEC1 /* Debug */ = {
			isa = XCBuildConfiguration;
			buildSettings = {
				ARCHS = "$(ARCHS_STANDARD_INCLUDING_64_BIT)";
				BUNDLE_LOADER = "$(BUILT_PRODUCTS_DIR)/iOS3Lab6x.app/iOS3Lab6x";
				FRAMEWORK_SEARCH_PATHS = (
					"$(SDKROOT)/Developer/Library/Frameworks",
					"$(inherited)",
					"$(DEVELOPER_FRAMEWORKS_DIR)",
				);
				GCC_PRECOMPILE_PREFIX_HEADER = YES;
				GCC_PREFIX_HEADER = "iOS3Lab6x/iOS3Lab6x-Prefix.pch";
				GCC_PREPROCESSOR_DEFINITIONS = (
					"DEBUG=1",
					"$(inherited)",
				);
				INFOPLIST_FILE = "iOS3Lab6xTests/iOS3Lab6xTests-Info.plist";
				PRODUCT_NAME = "$(TARGET_NAME)";
				TEST_HOST = "$(BUNDLE_LOADER)";
				WRAPPER_EXTENSION = xctest;
			};
			name = Debug;
		};
		D0EC3C6D1844367600B3FEC1 /* Release */ = {
			isa = XCBuildConfiguration;
			buildSettings = {
				ARCHS = "$(ARCHS_STANDARD_INCLUDING_64_BIT)";
				BUNDLE_LOADER = "$(BUILT_PRODUCTS_DIR)/iOS3Lab6x.app/iOS3Lab6x";
				FRAMEWORK_SEARCH_PATHS = (
					"$(SDKROOT)/Developer/Library/Frameworks",
					"$(inherited)",
					"$(DEVELOPER_FRAMEWORKS_DIR)",
				);
				GCC_PRECOMPILE_PREFIX_HEADER = YES;
				GCC_PREFIX_HEADER = "iOS3Lab6x/iOS3Lab6x-Prefix.pch";
				INFOPLIST_FILE = "iOS3Lab6xTests/iOS3Lab6xTests-Info.plist";
				PRODUCT_NAME = "$(TARGET_NAME)";
				TEST_HOST = "$(BUNDLE_LOADER)";
				WRAPPER_EXTENSION = xctest;
			};
			name = Release;
		};
/* End XCBuildConfiguration section */

/* Begin XCConfigurationList section */
		D0EC3C311844367600B3FEC1 /* Build configuration list for PBXProject "iOS3Lab6x" */ = {
			isa = XCConfigurationList;
			buildConfigurations = (
				D0EC3C661844367600B3FEC1 /* Debug */,
				D0EC3C671844367600B3FEC1 /* Release */,
			);
			defaultConfigurationIsVisible = 0;
			defaultConfigurationName = Release;
		};
		D0EC3C681844367600B3FEC1 /* Build configuration list for PBXNativeTarget "iOS3Lab6x" */ = {
			isa = XCConfigurationList;
			buildConfigurations = (
				D0EC3C691844367600B3FEC1 /* Debug */,
				D0EC3C6A1844367600B3FEC1 /* Release */,
			);
			defaultConfigurationIsVisible = 0;
		};
		D0EC3C6B1844367600B3FEC1 /* Build configuration list for PBXNativeTarget "iOS3Lab6xTests" */ = {
			isa = XCConfigurationList;
			buildConfigurations = (
				D0EC3C6C1844367600B3FEC1 /* Debug */,
				D0EC3C6D1844367600B3FEC1 /* Release */,
			);
			defaultConfigurationIsVisible = 0;
		};
/* End XCConfigurationList section */
	};
	rootObject = D0EC3C2E1844367600B3FEC1 /* Project object */;
}
